Microsoft Visual Studio Solution File, Format Version 11.00
# Visual Studio 2008

Project("{4CBD3070-7E03-9FFE-F2A3-9EC10D4115AB}") = "New_design 2", "Assembly-CSharp.csproj", "{6B106724-3ADC-672B-5F94-42C62F56D76B}"
EndProject
Project("{4CBD3070-7E03-9FFE-F2A3-9EC10D4115AB}") = "New_design 2", "Assembly-CSharp-Editor.csproj", "{22E4F35A-99D1-AED0-A934-93048421F548}"
EndProject
Global
	GlobalSection(SolutionConfigurationPlatforms) = preSolution
		Debug|Any CPU = Debug|Any CPU
		Release|Any CPU = Release|Any CPU
	EndGlobalSection
	GlobalSection(ProjectConfigurationPlatforms) = postSolution
		{6B106724-3ADC-672B-5F94-42C62F56D76B}.Debug|Any CPU.ActiveCfg = Debug|Any CPU
		{6B106724-3ADC-672B-5F94-42C62F56D76B}.Debug|Any CPU.Build.0 = Debug|Any CPU
		{6B106724-3ADC-672B-5F94-42C62F56D76B}.Release|Any CPU.ActiveCfg = Release|Any CPU
		{6B106724-3ADC-672B-5F94-42C62F56D76B}.Release|Any CPU.Build.0 = Release|Any CPU
		{22E4F35A-99D1-AED0-A934-93048421F548}.Debug|Any CPU.ActiveCfg = Debug|Any CPU
		{22E4F35A-99D1-AED0-A934-93048421F548}.Debug|Any CPU.Build.0 = Debug|Any CPU
		{22E4F35A-99D1-AED0-A934-93048421F548}.Release|Any CPU.ActiveCfg = Release|Any CPU
		{22E4F35A-99D1-AED0-A934-93048421F548}.Release|Any CPU.Build.0 = Release|Any CPU
	EndGlobalSection
	GlobalSection(SolutionProperties) = preSolution
		HideSolutionNode = FALSE
	EndGlobalSection
	GlobalSection(MonoDevelopProperties) = preSolution
		StartupItem = Assembly-CSharp.csproj
	EndGlobalSection
EndGlobal
